// !$*UTF8*$!
{
	archiveVersion = 1;
	classes = {
	};
	objectVersion = 52;
	objects = {

/* Begin PBXBuildFile section */
		F5F275C9CE2C5B2F4601ADBB /* Pods_GamerCollection.framework in Frameworks */ = {isa = PBXBuildFile; fileRef = CCDF646D360EE853928A2B33 /* Pods_GamerCollection.framework */; };
		FB1DFEAF2416B96A000CAD7B /* Alamofire in Frameworks */ = {isa = PBXBuildFile; productRef = FB1DFEAE2416B96A000CAD7B /* Alamofire */; };
		FB1DFEB22416B9A0000CAD7B /* SwifterSwift in Frameworks */ = {isa = PBXBuildFile; productRef = FB1DFEB12416B9A0000CAD7B /* SwifterSwift */; };
		FB1DFEB62416BAE8000CAD7B /* LoadingScreen.swift in Sources */ = {isa = PBXBuildFile; fileRef = FB1DFEB52416BAE8000CAD7B /* LoadingScreen.swift */; };
		FB1DFEB82416BAF2000CAD7B /* LoadingScreen.xib in Resources */ = {isa = PBXBuildFile; fileRef = FB1DFEB72416BAF2000CAD7B /* LoadingScreen.xib */; };
		FB1DFEBD2416BE2C000CAD7B /* APIClient.swift in Sources */ = {isa = PBXBuildFile; fileRef = FB1DFEBC2416BE2C000CAD7B /* APIClient.swift */; };
		FB1DFEBF2416BE62000CAD7B /* APIRequest.swift in Sources */ = {isa = PBXBuildFile; fileRef = FB1DFEBE2416BE62000CAD7B /* APIRequest.swift */; };
		FB1DFEC12416BEA5000CAD7B /* ErrorResponse.swift in Sources */ = {isa = PBXBuildFile; fileRef = FB1DFEC02416BEA5000CAD7B /* ErrorResponse.swift */; };
		FB1DFEC52416DB83000CAD7B /* Localizable.strings in Resources */ = {isa = PBXBuildFile; fileRef = FB1DFEC72416DB83000CAD7B /* Localizable.strings */; };
		FB1DFECB2416DBD3000CAD7B /* Localizable.strings in Resources */ = {isa = PBXBuildFile; fileRef = FB1DFECD2416DBD3000CAD7B /* Localizable.strings */; };
		FB463C5E241CFE53006F1A12 /* LoginView.storyboard in Resources */ = {isa = PBXBuildFile; fileRef = FB463C58241CFE53006F1A12 /* LoginView.storyboard */; };
		FB463C5F241CFE53006F1A12 /* LoginRouter.swift in Sources */ = {isa = PBXBuildFile; fileRef = FB463C59241CFE53006F1A12 /* LoginRouter.swift */; };
		FB463C60241CFE53006F1A12 /* LoginViewController.swift in Sources */ = {isa = PBXBuildFile; fileRef = FB463C5A241CFE53006F1A12 /* LoginViewController.swift */; };
		FB463C61241CFE53006F1A12 /* LoginApiClient.swift in Sources */ = {isa = PBXBuildFile; fileRef = FB463C5B241CFE53006F1A12 /* LoginApiClient.swift */; };
		FB463C62241CFE53006F1A12 /* LoginViewModel.swift in Sources */ = {isa = PBXBuildFile; fileRef = FB463C5C241CFE53006F1A12 /* LoginViewModel.swift */; };
		FB463C63241CFE53006F1A12 /* LoginDataManager.swift in Sources */ = {isa = PBXBuildFile; fileRef = FB463C5D241CFE53006F1A12 /* LoginDataManager.swift */; };
		FB463C68241D0678006F1A12 /* MainTabBarController.swift in Sources */ = {isa = PBXBuildFile; fileRef = FB463C67241D0678006F1A12 /* MainTabBarController.swift */; };
		FBA547F224157AE900C23DB3 /* AppDelegate.swift in Sources */ = {isa = PBXBuildFile; fileRef = FBA547F124157AE900C23DB3 /* AppDelegate.swift */; };
		FBA547FC24157AE900C23DB3 /* GamerCollection.xcdatamodeld in Sources */ = {isa = PBXBuildFile; fileRef = FBA547FA24157AE900C23DB3 /* GamerCollection.xcdatamodeld */; };
		FBA547FE24157AEA00C23DB3 /* Assets.xcassets in Resources */ = {isa = PBXBuildFile; fileRef = FBA547FD24157AEA00C23DB3 /* Assets.xcassets */; };
		FBA5480124157AEA00C23DB3 /* LaunchScreen.storyboard in Resources */ = {isa = PBXBuildFile; fileRef = FBA547FF24157AEA00C23DB3 /* LaunchScreen.storyboard */; };
		FBA5480C24157AEA00C23DB3 /* GamerCollectionTests.swift in Sources */ = {isa = PBXBuildFile; fileRef = FBA5480B24157AEA00C23DB3 /* GamerCollectionTests.swift */; };
		FBA5481724157AEA00C23DB3 /* GamerCollectionUITests.swift in Sources */ = {isa = PBXBuildFile; fileRef = FBA5481624157AEA00C23DB3 /* GamerCollectionUITests.swift */; };
		FBA5482B24157E4800C23DB3 /* CoreDataStack.swift in Sources */ = {isa = PBXBuildFile; fileRef = FBA5482A24157E4800C23DB3 /* CoreDataStack.swift */; };
		FBA548342415809000C23DB3 /* BaseDataManager.swift in Sources */ = {isa = PBXBuildFile; fileRef = FBA548332415809000C23DB3 /* BaseDataManager.swift */; };
		FBA54836241580B600C23DB3 /* BaseRouter.swift in Sources */ = {isa = PBXBuildFile; fileRef = FBA54835241580B600C23DB3 /* BaseRouter.swift */; };
		FBA54838241580C300C23DB3 /* BaseViewController.swift in Sources */ = {isa = PBXBuildFile; fileRef = FBA54837241580C300C23DB3 /* BaseViewController.swift */; };
		FBA5483A241580D400C23DB3 /* BaseViewModel.swift in Sources */ = {isa = PBXBuildFile; fileRef = FBA54839241580D400C23DB3 /* BaseViewModel.swift */; };
		FBA5483D2415834000C23DB3 /* UIViewController+Extension.swift in Sources */ = {isa = PBXBuildFile; fileRef = FBA5483C2415834000C23DB3 /* UIViewController+Extension.swift */; };
		FBB1A367241C103600E91579 /* UIColor+Extension.swift in Sources */ = {isa = PBXBuildFile; fileRef = FBB1A366241C103600E91579 /* UIColor+Extension.swift */; };
		FBB1A36A241C10E800E91579 /* Constants.swift in Sources */ = {isa = PBXBuildFile; fileRef = FBB1A369241C10E800E91579 /* Constants.swift */; };
		FBB1A36D241C221F00E91579 /* AuthorizationHandler.swift in Sources */ = {isa = PBXBuildFile; fileRef = FBB1A36C241C221F00E91579 /* AuthorizationHandler.swift */; };
		FBB1A370241C273200E91579 /* AuthData.swift in Sources */ = {isa = PBXBuildFile; fileRef = FBB1A36F241C273200E91579 /* AuthData.swift */; };
		FBB1A372241C273E00E91579 /* UserData.swift in Sources */ = {isa = PBXBuildFile; fileRef = FBB1A371241C273E00E91579 /* UserData.swift */; };
		FBB1A375241C4AC500E91579 /* UserManager.swift in Sources */ = {isa = PBXBuildFile; fileRef = FBB1A374241C4AC500E91579 /* UserManager.swift */; };
		FBB1A378241C4D9400E91579 /* KeychainAccess in Frameworks */ = {isa = PBXBuildFile; productRef = FBB1A377241C4D9400E91579 /* KeychainAccess */; };
/* End PBXBuildFile section */

/* Begin PBXContainerItemProxy section */
		FBA5480824157AEA00C23DB3 /* PBXContainerItemProxy */ = {
			isa = PBXContainerItemProxy;
			containerPortal = FBA547E624157AE900C23DB3 /* Project object */;
			proxyType = 1;
			remoteGlobalIDString = FBA547ED24157AE900C23DB3;
			remoteInfo = GamerCollection;
		};
		FBA5481324157AEA00C23DB3 /* PBXContainerItemProxy */ = {
			isa = PBXContainerItemProxy;
			containerPortal = FBA547E624157AE900C23DB3 /* Project object */;
			proxyType = 1;
			remoteGlobalIDString = FBA547ED24157AE900C23DB3;
			remoteInfo = GamerCollection;
		};
/* End PBXContainerItemProxy section */

/* Begin PBXFileReference section */
		2A8E107F63442C9DA439346D /* Pods-GamerCollection.release.xcconfig */ = {isa = PBXFileReference; includeInIndex = 1; lastKnownFileType = text.xcconfig; name = "Pods-GamerCollection.release.xcconfig"; path = "Target Support Files/Pods-GamerCollection/Pods-GamerCollection.release.xcconfig"; sourceTree = "<group>"; };
		532CA38BC69E427C4956E31D /* Pods-GamerCollection.debug.xcconfig */ = {isa = PBXFileReference; includeInIndex = 1; lastKnownFileType = text.xcconfig; name = "Pods-GamerCollection.debug.xcconfig"; path = "Target Support Files/Pods-GamerCollection/Pods-GamerCollection.debug.xcconfig"; sourceTree = "<group>"; };
		CCDF646D360EE853928A2B33 /* Pods_GamerCollection.framework */ = {isa = PBXFileReference; explicitFileType = wrapper.framework; includeInIndex = 0; path = Pods_GamerCollection.framework; sourceTree = BUILT_PRODUCTS_DIR; };
		FB1DFEB52416BAE8000CAD7B /* LoadingScreen.swift */ = {isa = PBXFileReference; lastKnownFileType = sourcecode.swift; path = LoadingScreen.swift; sourceTree = "<group>"; };
		FB1DFEB72416BAF2000CAD7B /* LoadingScreen.xib */ = {isa = PBXFileReference; lastKnownFileType = file.xib; path = LoadingScreen.xib; sourceTree = "<group>"; };
		FB1DFEBC2416BE2C000CAD7B /* APIClient.swift */ = {isa = PBXFileReference; lastKnownFileType = sourcecode.swift; path = APIClient.swift; sourceTree = "<group>"; };
		FB1DFEBE2416BE62000CAD7B /* APIRequest.swift */ = {isa = PBXFileReference; lastKnownFileType = sourcecode.swift; path = APIRequest.swift; sourceTree = "<group>"; };
		FB1DFEC02416BEA5000CAD7B /* ErrorResponse.swift */ = {isa = PBXFileReference; lastKnownFileType = sourcecode.swift; path = ErrorResponse.swift; sourceTree = "<group>"; };
		FB1DFEC62416DB83000CAD7B /* en */ = {isa = PBXFileReference; lastKnownFileType = text.plist.strings; name = en; path = en.lproj/Localizable.strings; sourceTree = "<group>"; };
		FB1DFECC2416DBD3000CAD7B /* es */ = {isa = PBXFileReference; lastKnownFileType = text.plist.strings; name = es; path = es.lproj/Localizable.strings; sourceTree = "<group>"; };
		FB463C58241CFE53006F1A12 /* LoginView.storyboard */ = {isa = PBXFileReference; lastKnownFileType = file.storyboard; path = LoginView.storyboard; sourceTree = "<group>"; };
		FB463C59241CFE53006F1A12 /* LoginRouter.swift */ = {isa = PBXFileReference; lastKnownFileType = sourcecode.swift; path = LoginRouter.swift; sourceTree = "<group>"; };
		FB463C5A241CFE53006F1A12 /* LoginViewController.swift */ = {isa = PBXFileReference; lastKnownFileType = sourcecode.swift; path = LoginViewController.swift; sourceTree = "<group>"; };
		FB463C5B241CFE53006F1A12 /* LoginApiClient.swift */ = {isa = PBXFileReference; lastKnownFileType = sourcecode.swift; path = LoginApiClient.swift; sourceTree = "<group>"; };
		FB463C5C241CFE53006F1A12 /* LoginViewModel.swift */ = {isa = PBXFileReference; lastKnownFileType = sourcecode.swift; path = LoginViewModel.swift; sourceTree = "<group>"; };
		FB463C5D241CFE53006F1A12 /* LoginDataManager.swift */ = {isa = PBXFileReference; lastKnownFileType = sourcecode.swift; path = LoginDataManager.swift; sourceTree = "<group>"; };
		FB463C67241D0678006F1A12 /* MainTabBarController.swift */ = {isa = PBXFileReference; lastKnownFileType = sourcecode.swift; path = MainTabBarController.swift; sourceTree = "<group>"; };
		FBA547EE24157AE900C23DB3 /* Gamer Collection.app */ = {isa = PBXFileReference; explicitFileType = wrapper.application; includeInIndex = 0; path = "Gamer Collection.app"; sourceTree = BUILT_PRODUCTS_DIR; };
		FBA547F124157AE900C23DB3 /* AppDelegate.swift */ = {isa = PBXFileReference; lastKnownFileType = sourcecode.swift; path = AppDelegate.swift; sourceTree = "<group>"; };
		FBA547FB24157AE900C23DB3 /* GamerCollection.xcdatamodel */ = {isa = PBXFileReference; lastKnownFileType = wrapper.xcdatamodel; path = GamerCollection.xcdatamodel; sourceTree = "<group>"; };
		FBA547FD24157AEA00C23DB3 /* Assets.xcassets */ = {isa = PBXFileReference; lastKnownFileType = folder.assetcatalog; path = Assets.xcassets; sourceTree = "<group>"; };
		FBA5480024157AEA00C23DB3 /* Base */ = {isa = PBXFileReference; lastKnownFileType = file.storyboard; name = Base; path = Base.lproj/LaunchScreen.storyboard; sourceTree = "<group>"; };
		FBA5480224157AEA00C23DB3 /* Info.plist */ = {isa = PBXFileReference; lastKnownFileType = text.plist.xml; path = Info.plist; sourceTree = "<group>"; };
		FBA5480724157AEA00C23DB3 /* GamerCollectionTests.xctest */ = {isa = PBXFileReference; explicitFileType = wrapper.cfbundle; includeInIndex = 0; path = GamerCollectionTests.xctest; sourceTree = BUILT_PRODUCTS_DIR; };
		FBA5480B24157AEA00C23DB3 /* GamerCollectionTests.swift */ = {isa = PBXFileReference; lastKnownFileType = sourcecode.swift; path = GamerCollectionTests.swift; sourceTree = "<group>"; };
		FBA5480D24157AEA00C23DB3 /* Info.plist */ = {isa = PBXFileReference; lastKnownFileType = text.plist.xml; path = Info.plist; sourceTree = "<group>"; };
		FBA5481224157AEA00C23DB3 /* GamerCollectionUITests.xctest */ = {isa = PBXFileReference; explicitFileType = wrapper.cfbundle; includeInIndex = 0; path = GamerCollectionUITests.xctest; sourceTree = BUILT_PRODUCTS_DIR; };
		FBA5481624157AEA00C23DB3 /* GamerCollectionUITests.swift */ = {isa = PBXFileReference; lastKnownFileType = sourcecode.swift; path = GamerCollectionUITests.swift; sourceTree = "<group>"; };
		FBA5481824157AEA00C23DB3 /* Info.plist */ = {isa = PBXFileReference; lastKnownFileType = text.plist.xml; path = Info.plist; sourceTree = "<group>"; };
		FBA5482A24157E4800C23DB3 /* CoreDataStack.swift */ = {isa = PBXFileReference; lastKnownFileType = sourcecode.swift; path = CoreDataStack.swift; sourceTree = "<group>"; };
		FBA548332415809000C23DB3 /* BaseDataManager.swift */ = {isa = PBXFileReference; lastKnownFileType = sourcecode.swift; path = BaseDataManager.swift; sourceTree = "<group>"; };
		FBA54835241580B600C23DB3 /* BaseRouter.swift */ = {isa = PBXFileReference; lastKnownFileType = sourcecode.swift; path = BaseRouter.swift; sourceTree = "<group>"; };
		FBA54837241580C300C23DB3 /* BaseViewController.swift */ = {isa = PBXFileReference; lastKnownFileType = sourcecode.swift; path = BaseViewController.swift; sourceTree = "<group>"; };
		FBA54839241580D400C23DB3 /* BaseViewModel.swift */ = {isa = PBXFileReference; lastKnownFileType = sourcecode.swift; path = BaseViewModel.swift; sourceTree = "<group>"; };
		FBA5483C2415834000C23DB3 /* UIViewController+Extension.swift */ = {isa = PBXFileReference; lastKnownFileType = sourcecode.swift; path = "UIViewController+Extension.swift"; sourceTree = "<group>"; };
		FBB1A366241C103600E91579 /* UIColor+Extension.swift */ = {isa = PBXFileReference; lastKnownFileType = sourcecode.swift; path = "UIColor+Extension.swift"; sourceTree = "<group>"; };
		FBB1A369241C10E800E91579 /* Constants.swift */ = {isa = PBXFileReference; lastKnownFileType = sourcecode.swift; path = Constants.swift; sourceTree = "<group>"; };
		FBB1A36C241C221F00E91579 /* AuthorizationHandler.swift */ = {isa = PBXFileReference; lastKnownFileType = sourcecode.swift; path = AuthorizationHandler.swift; sourceTree = "<group>"; };
		FBB1A36F241C273200E91579 /* AuthData.swift */ = {isa = PBXFileReference; lastKnownFileType = sourcecode.swift; path = AuthData.swift; sourceTree = "<group>"; };
		FBB1A371241C273E00E91579 /* UserData.swift */ = {isa = PBXFileReference; lastKnownFileType = sourcecode.swift; path = UserData.swift; sourceTree = "<group>"; };
		FBB1A374241C4AC500E91579 /* UserManager.swift */ = {isa = PBXFileReference; lastKnownFileType = sourcecode.swift; path = UserManager.swift; sourceTree = "<group>"; };
/* End PBXFileReference section */

/* Begin PBXFrameworksBuildPhase section */
		FBA547EB24157AE900C23DB3 /* Frameworks */ = {
			isa = PBXFrameworksBuildPhase;
			buildActionMask = 2147483647;
			files = (
				FBB1A378241C4D9400E91579 /* KeychainAccess in Frameworks */,
				FB1DFEAF2416B96A000CAD7B /* Alamofire in Frameworks */,
				FB1DFEB22416B9A0000CAD7B /* SwifterSwift in Frameworks */,
				F5F275C9CE2C5B2F4601ADBB /* Pods_GamerCollection.framework in Frameworks */,
			);
			runOnlyForDeploymentPostprocessing = 0;
		};
		FBA5480424157AEA00C23DB3 /* Frameworks */ = {
			isa = PBXFrameworksBuildPhase;
			buildActionMask = 2147483647;
			files = (
			);
			runOnlyForDeploymentPostprocessing = 0;
		};
		FBA5480F24157AEA00C23DB3 /* Frameworks */ = {
			isa = PBXFrameworksBuildPhase;
			buildActionMask = 2147483647;
			files = (
			);
			runOnlyForDeploymentPostprocessing = 0;
		};
/* End PBXFrameworksBuildPhase section */

/* Begin PBXGroup section */
		B1C18FEA9EF1837B7FAD04B1 /* Frameworks */ = {
			isa = PBXGroup;
			children = (
				CCDF646D360EE853928A2B33 /* Pods_GamerCollection.framework */,
			);
			name = Frameworks;
			sourceTree = "<group>";
		};
		D1EFE7973DA2FCBCD969B9F2 /* Pods */ = {
			isa = PBXGroup;
			children = (
				532CA38BC69E427C4956E31D /* Pods-GamerCollection.debug.xcconfig */,
				2A8E107F63442C9DA439346D /* Pods-GamerCollection.release.xcconfig */,
			);
			path = Pods;
			sourceTree = "<group>";
		};
		FB1DFEB32416BAD1000CAD7B /* View */ = {
			isa = PBXGroup;
			children = (
				FB1DFEB42416BADB000CAD7B /* LoadingScreen */,
			);
			path = View;
			sourceTree = "<group>";
		};
		FB1DFEB42416BADB000CAD7B /* LoadingScreen */ = {
			isa = PBXGroup;
			children = (
				FB1DFEB52416BAE8000CAD7B /* LoadingScreen.swift */,
				FB1DFEB72416BAF2000CAD7B /* LoadingScreen.xib */,
			);
			path = LoadingScreen;
			sourceTree = "<group>";
		};
		FB1DFEBA2416BDC7000CAD7B /* Client */ = {
			isa = PBXGroup;
			children = (
				FB1DFEBC2416BE2C000CAD7B /* APIClient.swift */,
			);
			path = Client;
			sourceTree = "<group>";
		};
		FB1DFEBB2416BDEE000CAD7B /* Requests */ = {
			isa = PBXGroup;
			children = (
				FB1DFEBE2416BE62000CAD7B /* APIRequest.swift */,
				FB1DFEC02416BEA5000CAD7B /* ErrorResponse.swift */,
			);
			path = Requests;
			sourceTree = "<group>";
		};
		FB1DFEC22416DB58000CAD7B /* Localization */ = {
			isa = PBXGroup;
			children = (
				FB1DFEC72416DB83000CAD7B /* Localizable.strings */,
				FB1DFECD2416DBD3000CAD7B /* Localizable.strings */,
			);
			path = Localization;
			sourceTree = "<group>";
		};
		FB463C57241CFE1D006F1A12 /* Login */ = {
			isa = PBXGroup;
			children = (
				FB463C65241CFE61006F1A12 /* APIClient */,
				FB463C5D241CFE53006F1A12 /* LoginDataManager.swift */,
				FB463C59241CFE53006F1A12 /* LoginRouter.swift */,
				FB463C5A241CFE53006F1A12 /* LoginViewController.swift */,
				FB463C5C241CFE53006F1A12 /* LoginViewModel.swift */,
				FB463C64241CFE59006F1A12 /* View */,
			);
			path = Login;
			sourceTree = "<group>";
		};
		FB463C64241CFE59006F1A12 /* View */ = {
			isa = PBXGroup;
			children = (
				FB463C58241CFE53006F1A12 /* LoginView.storyboard */,
			);
			path = View;
			sourceTree = "<group>";
		};
		FB463C65241CFE61006F1A12 /* APIClient */ = {
			isa = PBXGroup;
			children = (
				FB463C5B241CFE53006F1A12 /* LoginApiClient.swift */,
			);
			path = APIClient;
			sourceTree = "<group>";
		};
		FB463C66241D0666006F1A12 /* MainTabBar */ = {
			isa = PBXGroup;
			children = (
				FB463C67241D0678006F1A12 /* MainTabBarController.swift */,
			);
			path = MainTabBar;
			sourceTree = "<group>";
		};
		FBA547E524157AE900C23DB3 = {
			isa = PBXGroup;
			children = (
				FBA547F024157AE900C23DB3 /* GamerCollection */,
				FBA5480A24157AEA00C23DB3 /* GamerCollectionTests */,
				FBA5481524157AEA00C23DB3 /* GamerCollectionUITests */,
				FBA547EF24157AE900C23DB3 /* Products */,
				D1EFE7973DA2FCBCD969B9F2 /* Pods */,
				B1C18FEA9EF1837B7FAD04B1 /* Frameworks */,
			);
			sourceTree = "<group>";
		};
		FBA547EF24157AE900C23DB3 /* Products */ = {
			isa = PBXGroup;
			children = (
				FBA547EE24157AE900C23DB3 /* Gamer Collection.app */,
				FBA5480724157AEA00C23DB3 /* GamerCollectionTests.xctest */,
				FBA5481224157AEA00C23DB3 /* GamerCollectionUITests.xctest */,
			);
			name = Products;
			sourceTree = "<group>";
		};
		FBA547F024157AE900C23DB3 /* GamerCollection */ = {
			isa = PBXGroup;
			children = (
				FBA547FD24157AEA00C23DB3 /* Assets.xcassets */,
				FBA5482424157D1F00C23DB3 /* Code */,
				FBA547FF24157AEA00C23DB3 /* LaunchScreen.storyboard */,
				FBA5482524157D2600C23DB3 /* Resources */,
			);
			path = GamerCollection;
			sourceTree = "<group>";
		};
		FBA5480A24157AEA00C23DB3 /* GamerCollectionTests */ = {
			isa = PBXGroup;
			children = (
				FBA5480B24157AEA00C23DB3 /* GamerCollectionTests.swift */,
				FBA5480D24157AEA00C23DB3 /* Info.plist */,
			);
			path = GamerCollectionTests;
			sourceTree = "<group>";
		};
		FBA5481524157AEA00C23DB3 /* GamerCollectionUITests */ = {
			isa = PBXGroup;
			children = (
				FBA5481624157AEA00C23DB3 /* GamerCollectionUITests.swift */,
				FBA5481824157AEA00C23DB3 /* Info.plist */,
			);
			path = GamerCollectionUITests;
			sourceTree = "<group>";
		};
		FBA5482424157D1F00C23DB3 /* Code */ = {
			isa = PBXGroup;
			children = (
				FBA5482624157D9D00C23DB3 /* API */,
				FBA547F124157AE900C23DB3 /* AppDelegate.swift */,
				FBA5482724157DA300C23DB3 /* Common */,
				FBA5482824157DAA00C23DB3 /* Controllers */,
			);
			path = Code;
			sourceTree = "<group>";
		};
		FBA5482524157D2600C23DB3 /* Resources */ = {
			isa = PBXGroup;
			children = (
				FB1DFEC22416DB58000CAD7B /* Localization */,
				FBA5480224157AEA00C23DB3 /* Info.plist */,
			);
			path = Resources;
			sourceTree = "<group>";
		};
		FBA5482624157D9D00C23DB3 /* API */ = {
			isa = PBXGroup;
			children = (
				FB1DFEBA2416BDC7000CAD7B /* Client */,
				FB1DFEBB2416BDEE000CAD7B /* Requests */,
			);
			path = API;
			sourceTree = "<group>";
		};
		FBA5482724157DA300C23DB3 /* Common */ = {
			isa = PBXGroup;
			children = (
				FBB1A36B241C221000E91579 /* Authorization */,
				FBA548302415806200C23DB3 /* Base */,
				FBB1A368241C10DB00E91579 /* Constants */,
				FBA5483B2415832B00C23DB3 /* Extensions */,
				FBA5482924157DC600C23DB3 /* Persistance */,
				FBB1A373241C4AB000E91579 /* UserManager */,
				FB1DFEB32416BAD1000CAD7B /* View */,
			);
			path = Common;
			sourceTree = "<group>";
		};
		FBA5482824157DAA00C23DB3 /* Controllers */ = {
			isa = PBXGroup;
			children = (
				FB463C66241D0666006F1A12 /* MainTabBar */,
				FB463C57241CFE1D006F1A12 /* Login */,
			);
			path = Controllers;
			sourceTree = "<group>";
		};
		FBA5482924157DC600C23DB3 /* Persistance */ = {
			isa = PBXGroup;
			children = (
				FBA5482A24157E4800C23DB3 /* CoreDataStack.swift */,
				FBA547FA24157AE900C23DB3 /* GamerCollection.xcdatamodeld */,
			);
			path = Persistance;
			sourceTree = "<group>";
		};
		FBA548302415806200C23DB3 /* Base */ = {
			isa = PBXGroup;
			children = (
				FBA548332415809000C23DB3 /* BaseDataManager.swift */,
				FBA54835241580B600C23DB3 /* BaseRouter.swift */,
				FBA54837241580C300C23DB3 /* BaseViewController.swift */,
				FBA54839241580D400C23DB3 /* BaseViewModel.swift */,
			);
			path = Base;
			sourceTree = "<group>";
		};
		FBA5483B2415832B00C23DB3 /* Extensions */ = {
			isa = PBXGroup;
			children = (
				FBB1A365241C101B00E91579 /* UIColor */,
				FBB1A364241C101700E91579 /* UIViewController */,
			);
			path = Extensions;
			sourceTree = "<group>";
		};
		FBB1A364241C101700E91579 /* UIViewController */ = {
			isa = PBXGroup;
			children = (
				FBA5483C2415834000C23DB3 /* UIViewController+Extension.swift */,
			);
			path = UIViewController;
			sourceTree = "<group>";
		};
		FBB1A365241C101B00E91579 /* UIColor */ = {
			isa = PBXGroup;
			children = (
				FBB1A366241C103600E91579 /* UIColor+Extension.swift */,
			);
			path = UIColor;
			sourceTree = "<group>";
		};
		FBB1A368241C10DB00E91579 /* Constants */ = {
			isa = PBXGroup;
			children = (
				FBB1A369241C10E800E91579 /* Constants.swift */,
			);
			path = Constants;
			sourceTree = "<group>";
		};
		FBB1A36B241C221000E91579 /* Authorization */ = {
			isa = PBXGroup;
			children = (
				FBB1A36C241C221F00E91579 /* AuthorizationHandler.swift */,
				FBB1A36E241C228D00E91579 /* Model */,
			);
			path = Authorization;
			sourceTree = "<group>";
		};
		FBB1A36E241C228D00E91579 /* Model */ = {
			isa = PBXGroup;
			children = (
				FBB1A36F241C273200E91579 /* AuthData.swift */,
			);
			path = Model;
			sourceTree = "<group>";
		};
		FBB1A373241C4AB000E91579 /* UserManager */ = {
			isa = PBXGroup;
			children = (
				FBB1A379241C579400E91579 /* Model */,
				FBB1A374241C4AC500E91579 /* UserManager.swift */,
			);
			path = UserManager;
			sourceTree = "<group>";
		};
		FBB1A379241C579400E91579 /* Model */ = {
			isa = PBXGroup;
			children = (
				FBB1A371241C273E00E91579 /* UserData.swift */,
			);
			path = Model;
			sourceTree = "<group>";
		};
/* End PBXGroup section */

/* Begin PBXNativeTarget section */
		FBA547ED24157AE900C23DB3 /* GamerCollection */ = {
			isa = PBXNativeTarget;
			buildConfigurationList = FBA5481B24157AEA00C23DB3 /* Build configuration list for PBXNativeTarget "GamerCollection" */;
			buildPhases = (
				BF8C6939F558C989D4E51189 /* [CP] Check Pods Manifest.lock */,
				FBA547EA24157AE900C23DB3 /* Sources */,
				FBA547EB24157AE900C23DB3 /* Frameworks */,
				FBA547EC24157AE900C23DB3 /* Resources */,
				6C2F1325846DC0E3A70B6421 /* [CP] Embed Pods Frameworks */,
			);
			buildRules = (
			);
			dependencies = (
			);
			name = GamerCollection;
			packageProductDependencies = (
				FB1DFEAE2416B96A000CAD7B /* Alamofire */,
				FB1DFEB12416B9A0000CAD7B /* SwifterSwift */,
				FBB1A377241C4D9400E91579 /* KeychainAccess */,
			);
			productName = GamerCollection;
			productReference = FBA547EE24157AE900C23DB3 /* Gamer Collection.app */;
			productType = "com.apple.product-type.application";
		};
		FBA5480624157AEA00C23DB3 /* GamerCollectionTests */ = {
			isa = PBXNativeTarget;
			buildConfigurationList = FBA5481E24157AEA00C23DB3 /* Build configuration list for PBXNativeTarget "GamerCollectionTests" */;
			buildPhases = (
				FBA5480324157AEA00C23DB3 /* Sources */,
				FBA5480424157AEA00C23DB3 /* Frameworks */,
				FBA5480524157AEA00C23DB3 /* Resources */,
			);
			buildRules = (
			);
			dependencies = (
				FBA5480924157AEA00C23DB3 /* PBXTargetDependency */,
			);
			name = GamerCollectionTests;
			productName = GamerCollectionTests;
			productReference = FBA5480724157AEA00C23DB3 /* GamerCollectionTests.xctest */;
			productType = "com.apple.product-type.bundle.unit-test";
		};
		FBA5481124157AEA00C23DB3 /* GamerCollectionUITests */ = {
			isa = PBXNativeTarget;
			buildConfigurationList = FBA5482124157AEA00C23DB3 /* Build configuration list for PBXNativeTarget "GamerCollectionUITests" */;
			buildPhases = (
				FBA5480E24157AEA00C23DB3 /* Sources */,
				FBA5480F24157AEA00C23DB3 /* Frameworks */,
				FBA5481024157AEA00C23DB3 /* Resources */,
			);
			buildRules = (
			);
			dependencies = (
				FBA5481424157AEA00C23DB3 /* PBXTargetDependency */,
			);
			name = GamerCollectionUITests;
			productName = GamerCollectionUITests;
			productReference = FBA5481224157AEA00C23DB3 /* GamerCollectionUITests.xctest */;
			productType = "com.apple.product-type.bundle.ui-testing";
		};
/* End PBXNativeTarget section */

/* Begin PBXProject section */
		FBA547E624157AE900C23DB3 /* Project object */ = {
			isa = PBXProject;
			attributes = {
				LastSwiftUpdateCheck = 1130;
				LastUpgradeCheck = 1130;
				TargetAttributes = {
					FBA547ED24157AE900C23DB3 = {
						CreatedOnToolsVersion = 11.3.1;
					};
					FBA5480624157AEA00C23DB3 = {
						CreatedOnToolsVersion = 11.3.1;
						TestTargetID = FBA547ED24157AE900C23DB3;
					};
					FBA5481124157AEA00C23DB3 = {
						CreatedOnToolsVersion = 11.3.1;
						TestTargetID = FBA547ED24157AE900C23DB3;
					};
				};
			};
			buildConfigurationList = FBA547E924157AE900C23DB3 /* Build configuration list for PBXProject "GamerCollection" */;
			compatibilityVersion = "Xcode 9.3";
			developmentRegion = en;
			hasScannedForEncodings = 0;
			knownRegions = (
				en,
				Base,
				es,
			);
			mainGroup = FBA547E524157AE900C23DB3;
			packageReferences = (
				FB1DFEAD2416B96A000CAD7B /* XCRemoteSwiftPackageReference "Alamofire" */,
				FB1DFEB02416B9A0000CAD7B /* XCRemoteSwiftPackageReference "SwifterSwift" */,
				FBB1A376241C4D9400E91579 /* XCRemoteSwiftPackageReference "KeychainAccess" */,
			);
			productRefGroup = FBA547EF24157AE900C23DB3 /* Products */;
			projectDirPath = "";
			projectRoot = "";
			targets = (
				FBA547ED24157AE900C23DB3 /* GamerCollection */,
				FBA5480624157AEA00C23DB3 /* GamerCollectionTests */,
				FBA5481124157AEA00C23DB3 /* GamerCollectionUITests */,
			);
		};
/* End PBXProject section */

/* Begin PBXResourcesBuildPhase section */
		FBA547EC24157AE900C23DB3 /* Resources */ = {
			isa = PBXResourcesBuildPhase;
			buildActionMask = 2147483647;
			files = (
				FB1DFECB2416DBD3000CAD7B /* Localizable.strings in Resources */,
				FBA5480124157AEA00C23DB3 /* LaunchScreen.storyboard in Resources */,
				FB1DFEC52416DB83000CAD7B /* Localizable.strings in Resources */,
				FB1DFEB82416BAF2000CAD7B /* LoadingScreen.xib in Resources */,
				FBA547FE24157AEA00C23DB3 /* Assets.xcassets in Resources */,
				FB463C5E241CFE53006F1A12 /* LoginView.storyboard in Resources */,
			);
			runOnlyForDeploymentPostprocessing = 0;
		};
		FBA5480524157AEA00C23DB3 /* Resources */ = {
			isa = PBXResourcesBuildPhase;
			buildActionMask = 2147483647;
			files = (
			);
			runOnlyForDeploymentPostprocessing = 0;
		};
		FBA5481024157AEA00C23DB3 /* Resources */ = {
			isa = PBXResourcesBuildPhase;
			buildActionMask = 2147483647;
			files = (
			);
			runOnlyForDeploymentPostprocessing = 0;
		};
/* End PBXResourcesBuildPhase section */

/* Begin PBXShellScriptBuildPhase section */
		6C2F1325846DC0E3A70B6421 /* [CP] Embed Pods Frameworks */ = {
			isa = PBXShellScriptBuildPhase;
			buildActionMask = 2147483647;
			files = (
			);
			inputFileListPaths = (
				"${PODS_ROOT}/Target Support Files/Pods-GamerCollection/Pods-GamerCollection-frameworks-${CONFIGURATION}-input-files.xcfilelist",
			);
			name = "[CP] Embed Pods Frameworks";
			outputFileListPaths = (
				"${PODS_ROOT}/Target Support Files/Pods-GamerCollection/Pods-GamerCollection-frameworks-${CONFIGURATION}-output-files.xcfilelist",
			);
			runOnlyForDeploymentPostprocessing = 0;
			shellPath = /bin/sh;
			shellScript = "\"${PODS_ROOT}/Target Support Files/Pods-GamerCollection/Pods-GamerCollection-frameworks.sh\"\n";
			showEnvVarsInLog = 0;
		};
		BF8C6939F558C989D4E51189 /* [CP] Check Pods Manifest.lock */ = {
			isa = PBXShellScriptBuildPhase;
			buildActionMask = 2147483647;
			files = (
			);
			inputFileListPaths = (
			);
			inputPaths = (
				"${PODS_PODFILE_DIR_PATH}/Podfile.lock",
				"${PODS_ROOT}/Manifest.lock",
			);
			name = "[CP] Check Pods Manifest.lock";
			outputFileListPaths = (
			);
			outputPaths = (
				"$(DERIVED_FILE_DIR)/Pods-GamerCollection-checkManifestLockResult.txt",
			);
			runOnlyForDeploymentPostprocessing = 0;
			shellPath = /bin/sh;
			shellScript = "diff \"${PODS_PODFILE_DIR_PATH}/Podfile.lock\" \"${PODS_ROOT}/Manifest.lock\" > /dev/null\nif [ $? != 0 ] ; then\n    # print error to STDERR\n    echo \"error: The sandbox is not in sync with the Podfile.lock. Run 'pod install' or update your CocoaPods installation.\" >&2\n    exit 1\nfi\n# This output is used by Xcode 'outputs' to avoid re-running this script phase.\necho \"SUCCESS\" > \"${SCRIPT_OUTPUT_FILE_0}\"\n";
			showEnvVarsInLog = 0;
		};
/* End PBXShellScriptBuildPhase section */

/* Begin PBXSourcesBuildPhase section */
		FBA547EA24157AE900C23DB3 /* Sources */ = {
			isa = PBXSourcesBuildPhase;
			buildActionMask = 2147483647;
			files = (
				FBB1A375241C4AC500E91579 /* UserManager.swift in Sources */,
				FBA5483D2415834000C23DB3 /* UIViewController+Extension.swift in Sources */,
				FB463C68241D0678006F1A12 /* MainTabBarController.swift in Sources */,
				FB463C62241CFE53006F1A12 /* LoginViewModel.swift in Sources */,
				FBA547FC24157AE900C23DB3 /* GamerCollection.xcdatamodeld in Sources */,
				FBA54836241580B600C23DB3 /* BaseRouter.swift in Sources */,
				FB1DFEC12416BEA5000CAD7B /* ErrorResponse.swift in Sources */,
				FB1DFEBD2416BE2C000CAD7B /* APIClient.swift in Sources */,
				FBB1A370241C273200E91579 /* AuthData.swift in Sources */,
				FB463C61241CFE53006F1A12 /* LoginApiClient.swift in Sources */,
				FBB1A36D241C221F00E91579 /* AuthorizationHandler.swift in Sources */,
				FB463C60241CFE53006F1A12 /* LoginViewController.swift in Sources */,
				FBA547F224157AE900C23DB3 /* AppDelegate.swift in Sources */,
				FBA548342415809000C23DB3 /* BaseDataManager.swift in Sources */,
				FB463C63241CFE53006F1A12 /* LoginDataManager.swift in Sources */,
				FBA5483A241580D400C23DB3 /* BaseViewModel.swift in Sources */,
				FB1DFEBF2416BE62000CAD7B /* APIRequest.swift in Sources */,
				FBA54838241580C300C23DB3 /* BaseViewController.swift in Sources */,
				FBB1A367241C103600E91579 /* UIColor+Extension.swift in Sources */,
				FB463C5F241CFE53006F1A12 /* LoginRouter.swift in Sources */,
				FBB1A372241C273E00E91579 /* UserData.swift in Sources */,
				FBB1A36A241C10E800E91579 /* Constants.swift in Sources */,
				FBA5482B24157E4800C23DB3 /* CoreDataStack.swift in Sources */,
				FB1DFEB62416BAE8000CAD7B /* LoadingScreen.swift in Sources */,
			);
			runOnlyForDeploymentPostprocessing = 0;
		};
		FBA5480324157AEA00C23DB3 /* Sources */ = {
			isa = PBXSourcesBuildPhase;
			buildActionMask = 2147483647;
			files = (
				FBA5480C24157AEA00C23DB3 /* GamerCollectionTests.swift in Sources */,
			);
			runOnlyForDeploymentPostprocessing = 0;
		};
		FBA5480E24157AEA00C23DB3 /* Sources */ = {
			isa = PBXSourcesBuildPhase;
			buildActionMask = 2147483647;
			files = (
				FBA5481724157AEA00C23DB3 /* GamerCollectionUITests.swift in Sources */,
			);
			runOnlyForDeploymentPostprocessing = 0;
		};
/* End PBXSourcesBuildPhase section */

/* Begin PBXTargetDependency section */
		FBA5480924157AEA00C23DB3 /* PBXTargetDependency */ = {
			isa = PBXTargetDependency;
			target = FBA547ED24157AE900C23DB3 /* GamerCollection */;
			targetProxy = FBA5480824157AEA00C23DB3 /* PBXContainerItemProxy */;
		};
		FBA5481424157AEA00C23DB3 /* PBXTargetDependency */ = {
			isa = PBXTargetDependency;
			target = FBA547ED24157AE900C23DB3 /* GamerCollection */;
			targetProxy = FBA5481324157AEA00C23DB3 /* PBXContainerItemProxy */;
		};
/* End PBXTargetDependency section */

/* Begin PBXVariantGroup section */
		FB1DFEC72416DB83000CAD7B /* Localizable.strings */ = {
			isa = PBXVariantGroup;
			children = (
				FB1DFEC62416DB83000CAD7B /* en */,
			);
			name = Localizable.strings;
			sourceTree = "<group>";
		};
		FB1DFECD2416DBD3000CAD7B /* Localizable.strings */ = {
			isa = PBXVariantGroup;
			children = (
				FB1DFECC2416DBD3000CAD7B /* es */,
			);
			name = Localizable.strings;
			sourceTree = "<group>";
		};
		FBA547FF24157AEA00C23DB3 /* LaunchScreen.storyboard */ = {
			isa = PBXVariantGroup;
			children = (
				FBA5480024157AEA00C23DB3 /* Base */,
			);
			name = LaunchScreen.storyboard;
			sourceTree = "<group>";
		};
/* End PBXVariantGroup section */

/* Begin XCBuildConfiguration section */
		FBA5481924157AEA00C23DB3 /* Debug */ = {
			isa = XCBuildConfiguration;
			buildSettings = {
				ALWAYS_SEARCH_USER_PATHS = NO;
				CLANG_ANALYZER_LOCALIZABILITY_NONLOCALIZED = YES;
				CLANG_ANALYZER_NONNULL = YES;
				CLANG_ANALYZER_NUMBER_OBJECT_CONVERSION = YES_AGGRESSIVE;
				CLANG_CXX_LANGUAGE_STANDARD = "gnu++14";
				CLANG_CXX_LIBRARY = "libc++";
				CLANG_ENABLE_MODULES = YES;
				CLANG_ENABLE_OBJC_ARC = YES;
				CLANG_ENABLE_OBJC_WEAK = YES;
				CLANG_WARN_BLOCK_CAPTURE_AUTORELEASING = YES;
				CLANG_WARN_BOOL_CONVERSION = YES;
				CLANG_WARN_COMMA = YES;
				CLANG_WARN_CONSTANT_CONVERSION = YES;
				CLANG_WARN_DEPRECATED_OBJC_IMPLEMENTATIONS = YES;
				CLANG_WARN_DIRECT_OBJC_ISA_USAGE = YES_ERROR;
				CLANG_WARN_DOCUMENTATION_COMMENTS = YES;
				CLANG_WARN_EMPTY_BODY = YES;
				CLANG_WARN_ENUM_CONVERSION = YES;
				CLANG_WARN_INFINITE_RECURSION = YES;
				CLANG_WARN_INT_CONVERSION = YES;
				CLANG_WARN_NON_LITERAL_NULL_CONVERSION = YES;
				CLANG_WARN_OBJC_IMPLICIT_RETAIN_SELF = YES;
				CLANG_WARN_OBJC_LITERAL_CONVERSION = YES;
				CLANG_WARN_OBJC_ROOT_CLASS = YES_ERROR;
				CLANG_WARN_RANGE_LOOP_ANALYSIS = YES;
				CLANG_WARN_STRICT_PROTOTYPES = YES;
				CLANG_WARN_SUSPICIOUS_MOVE = YES;
				CLANG_WARN_UNGUARDED_AVAILABILITY = YES_AGGRESSIVE;
				CLANG_WARN_UNREACHABLE_CODE = YES;
				CLANG_WARN__DUPLICATE_METHOD_MATCH = YES;
				COPY_PHASE_STRIP = NO;
				DEBUG_INFORMATION_FORMAT = dwarf;
				ENABLE_STRICT_OBJC_MSGSEND = YES;
				ENABLE_TESTABILITY = YES;
				GCC_C_LANGUAGE_STANDARD = gnu11;
				GCC_DYNAMIC_NO_PIC = NO;
				GCC_NO_COMMON_BLOCKS = YES;
				GCC_OPTIMIZATION_LEVEL = 0;
				GCC_PREPROCESSOR_DEFINITIONS = (
					"DEBUG=1",
					"$(inherited)",
				);
				GCC_WARN_64_TO_32_BIT_CONVERSION = YES;
				GCC_WARN_ABOUT_RETURN_TYPE = YES_ERROR;
				GCC_WARN_UNDECLARED_SELECTOR = YES;
				GCC_WARN_UNINITIALIZED_AUTOS = YES_AGGRESSIVE;
				GCC_WARN_UNUSED_FUNCTION = YES;
				GCC_WARN_UNUSED_VARIABLE = YES;
				IPHONEOS_DEPLOYMENT_TARGET = 12.0;
				MTL_ENABLE_DEBUG_INFO = INCLUDE_SOURCE;
				MTL_FAST_MATH = YES;
				ONLY_ACTIVE_ARCH = YES;
				SDKROOT = iphoneos;
				SWIFT_ACTIVE_COMPILATION_CONDITIONS = DEBUG;
				SWIFT_OPTIMIZATION_LEVEL = "-Onone";
			};
			name = Debug;
		};
		FBA5481A24157AEA00C23DB3 /* Release */ = {
			isa = XCBuildConfiguration;
			buildSettings = {
				ALWAYS_SEARCH_USER_PATHS = NO;
				CLANG_ANALYZER_LOCALIZABILITY_NONLOCALIZED = YES;
				CLANG_ANALYZER_NONNULL = YES;
				CLANG_ANALYZER_NUMBER_OBJECT_CONVERSION = YES_AGGRESSIVE;
				CLANG_CXX_LANGUAGE_STANDARD = "gnu++14";
				CLANG_CXX_LIBRARY = "libc++";
				CLANG_ENABLE_MODULES = YES;
				CLANG_ENABLE_OBJC_ARC = YES;
				CLANG_ENABLE_OBJC_WEAK = YES;
				CLANG_WARN_BLOCK_CAPTURE_AUTORELEASING = YES;
				CLANG_WARN_BOOL_CONVERSION = YES;
				CLANG_WARN_COMMA = YES;
				CLANG_WARN_CONSTANT_CONVERSION = YES;
				CLANG_WARN_DEPRECATED_OBJC_IMPLEMENTATIONS = YES;
				CLANG_WARN_DIRECT_OBJC_ISA_USAGE = YES_ERROR;
				CLANG_WARN_DOCUMENTATION_COMMENTS = YES;
				CLANG_WARN_EMPTY_BODY = YES;
				CLANG_WARN_ENUM_CONVERSION = YES;
				CLANG_WARN_INFINITE_RECURSION = YES;
				CLANG_WARN_INT_CONVERSION = YES;
				CLANG_WARN_NON_LITERAL_NULL_CONVERSION = YES;
				CLANG_WARN_OBJC_IMPLICIT_RETAIN_SELF = YES;
				CLANG_WARN_OBJC_LITERAL_CONVERSION = YES;
				CLANG_WARN_OBJC_ROOT_CLASS = YES_ERROR;
				CLANG_WARN_RANGE_LOOP_ANALYSIS = YES;
				CLANG_WARN_STRICT_PROTOTYPES = YES;
				CLANG_WARN_SUSPICIOUS_MOVE = YES;
				CLANG_WARN_UNGUARDED_AVAILABILITY = YES_AGGRESSIVE;
				CLANG_WARN_UNREACHABLE_CODE = YES;
				CLANG_WARN__DUPLICATE_METHOD_MATCH = YES;
				COPY_PHASE_STRIP = NO;
				DEBUG_INFORMATION_FORMAT = "dwarf-with-dsym";
				ENABLE_NS_ASSERTIONS = NO;
				ENABLE_STRICT_OBJC_MSGSEND = YES;
				GCC_C_LANGUAGE_STANDARD = gnu11;
				GCC_NO_COMMON_BLOCKS = YES;
				GCC_WARN_64_TO_32_BIT_CONVERSION = YES;
				GCC_WARN_ABOUT_RETURN_TYPE = YES_ERROR;
				GCC_WARN_UNDECLARED_SELECTOR = YES;
				GCC_WARN_UNINITIALIZED_AUTOS = YES_AGGRESSIVE;
				GCC_WARN_UNUSED_FUNCTION = YES;
				GCC_WARN_UNUSED_VARIABLE = YES;
				IPHONEOS_DEPLOYMENT_TARGET = 12.0;
				MTL_ENABLE_DEBUG_INFO = NO;
				MTL_FAST_MATH = YES;
				SDKROOT = iphoneos;
				SWIFT_COMPILATION_MODE = wholemodule;
				SWIFT_OPTIMIZATION_LEVEL = "-O";
				VALIDATE_PRODUCT = YES;
			};
			name = Release;
		};
		FBA5481C24157AEA00C23DB3 /* Debug */ = {
			isa = XCBuildConfiguration;
			baseConfigurationReference = 532CA38BC69E427C4956E31D /* Pods-GamerCollection.debug.xcconfig */;
			buildSettings = {
				ASSETCATALOG_COMPILER_APPICON_NAME = AppIcon;
				CODE_SIGN_STYLE = Automatic;
				DEVELOPMENT_TEAM = DM29DK5676;
				INFOPLIST_FILE = GamerCollection/Resources/Info.plist;
				IPHONEOS_DEPLOYMENT_TARGET = 12.0;
				LD_RUNPATH_SEARCH_PATHS = (
					"$(inherited)",
					"@executable_path/Frameworks",
				);
				PRODUCT_BUNDLE_IDENTIFIER = com.sergioaragones.GamerCollection;
				PRODUCT_NAME = "Gamer Collection";
				SWIFT_VERSION = 5.0;
				TARGETED_DEVICE_FAMILY = "1,2";
			};
			name = Debug;
		};
		FBA5481D24157AEA00C23DB3 /* Release */ = {
			isa = XCBuildConfiguration;
			baseConfigurationReference = 2A8E107F63442C9DA439346D /* Pods-GamerCollection.release.xcconfig */;
			buildSettings = {
				ASSETCATALOG_COMPILER_APPICON_NAME = AppIcon;
				CODE_SIGN_STYLE = Automatic;
				DEVELOPMENT_TEAM = DM29DK5676;
				INFOPLIST_FILE = GamerCollection/Resources/Info.plist;
				IPHONEOS_DEPLOYMENT_TARGET = 12.0;
				LD_RUNPATH_SEARCH_PATHS = (
					"$(inherited)",
					"@executable_path/Frameworks",
				);
				PRODUCT_BUNDLE_IDENTIFIER = com.sergioaragones.GamerCollection;
				PRODUCT_NAME = "Gamer Collection";
				SWIFT_VERSION = 5.0;
				TARGETED_DEVICE_FAMILY = "1,2";
			};
			name = Release;
		};
		FBA5481F24157AEA00C23DB3 /* Debug */ = {
			isa = XCBuildConfiguration;
			buildSettings = {
				ALWAYS_EMBED_SWIFT_STANDARD_LIBRARIES = YES;
				BUNDLE_LOADER = "$(TEST_HOST)";
				CODE_SIGN_STYLE = Automatic;
				DEVELOPMENT_TEAM = DM29DK5676;
				INFOPLIST_FILE = GamerCollectionTests/Info.plist;
				IPHONEOS_DEPLOYMENT_TARGET = 13.2;
				LD_RUNPATH_SEARCH_PATHS = (
					"$(inherited)",
					"@executable_path/Frameworks",
					"@loader_path/Frameworks",
				);
				PRODUCT_BUNDLE_IDENTIFIER = com.sergioaragones.GamerCollectionTests;
				PRODUCT_NAME = "$(TARGET_NAME)";
				SWIFT_VERSION = 5.0;
				TARGETED_DEVICE_FAMILY = "1,2";
				TEST_HOST = "$(BUILT_PRODUCTS_DIR)/GamerCollection.app/GamerCollection";
			};
			name = Debug;
		};
		FBA5482024157AEA00C23DB3 /* Release */ = {
			isa = XCBuildConfiguration;
			buildSettings = {
				ALWAYS_EMBED_SWIFT_STANDARD_LIBRARIES = YES;
				BUNDLE_LOADER = "$(TEST_HOST)";
				CODE_SIGN_STYLE = Automatic;
				DEVELOPMENT_TEAM = DM29DK5676;
				INFOPLIST_FILE = GamerCollectionTests/Info.plist;
				IPHONEOS_DEPLOYMENT_TARGET = 13.2;
				LD_RUNPATH_SEARCH_PATHS = (
					"$(inherited)",
					"@executable_path/Frameworks",
					"@loader_path/Frameworks",
				);
				PRODUCT_BUNDLE_IDENTIFIER = com.sergioaragones.GamerCollectionTests;
				PRODUCT_NAME = "$(TARGET_NAME)";
				SWIFT_VERSION = 5.0;
				TARGETED_DEVICE_FAMILY = "1,2";
				TEST_HOST = "$(BUILT_PRODUCTS_DIR)/GamerCollection.app/GamerCollection";
			};
			name = Release;
		};
		FBA5482224157AEA00C23DB3 /* Debug */ = {
			isa = XCBuildConfiguration;
			buildSettings = {
				ALWAYS_EMBED_SWIFT_STANDARD_LIBRARIES = YES;
				CODE_SIGN_STYLE = Automatic;
				DEVELOPMENT_TEAM = DM29DK5676;
				INFOPLIST_FILE = GamerCollectionUITests/Info.plist;
				LD_RUNPATH_SEARCH_PATHS = (
					"$(inherited)",
					"@executable_path/Frameworks",
					"@loader_path/Frameworks",
				);
				PRODUCT_BUNDLE_IDENTIFIER = com.sergioaragones.GamerCollectionUITests;
				PRODUCT_NAME = "$(TARGET_NAME)";
				SWIFT_VERSION = 5.0;
				TARGETED_DEVICE_FAMILY = "1,2";
				TEST_TARGET_NAME = GamerCollection;
			};
			name = Debug;
		};
		FBA5482324157AEA00C23DB3 /* Release */ = {
			isa = XCBuildConfiguration;
			buildSettings = {
				ALWAYS_EMBED_SWIFT_STANDARD_LIBRARIES = YES;
				CODE_SIGN_STYLE = Automatic;
				DEVELOPMENT_TEAM = DM29DK5676;
				INFOPLIST_FILE = GamerCollectionUITests/Info.plist;
				LD_RUNPATH_SEARCH_PATHS = (
					"$(inherited)",
					"@executable_path/Frameworks",
					"@loader_path/Frameworks",
				);
				PRODUCT_BUNDLE_IDENTIFIER = com.sergioaragones.GamerCollectionUITests;
				PRODUCT_NAME = "$(TARGET_NAME)";
				SWIFT_VERSION = 5.0;
				TARGETED_DEVICE_FAMILY = "1,2";
				TEST_TARGET_NAME = GamerCollection;
			};
			name = Release;
		};
/* End XCBuildConfiguration section */

/* Begin XCConfigurationList section */
		FBA547E924157AE900C23DB3 /* Build configuration list for PBXProject "GamerCollection" */ = {
			isa = XCConfigurationList;
			buildConfigurations = (
				FBA5481924157AEA00C23DB3 /* Debug */,
				FBA5481A24157AEA00C23DB3 /* Release */,
			);
			defaultConfigurationIsVisible = 0;
			defaultConfigurationName = Release;
		};
		FBA5481B24157AEA00C23DB3 /* Build configuration list for PBXNativeTarget "GamerCollection" */ = {
			isa = XCConfigurationList;
			buildConfigurations = (
				FBA5481C24157AEA00C23DB3 /* Debug */,
				FBA5481D24157AEA00C23DB3 /* Release */,
			);
			defaultConfigurationIsVisible = 0;
			defaultConfigurationName = Release;
		};
		FBA5481E24157AEA00C23DB3 /* Build configuration list for PBXNativeTarget "GamerCollectionTests" */ = {
			isa = XCConfigurationList;
			buildConfigurations = (
				FBA5481F24157AEA00C23DB3 /* Debug */,
				FBA5482024157AEA00C23DB3 /* Release */,
			);
			defaultConfigurationIsVisible = 0;
			defaultConfigurationName = Release;
		};
		FBA5482124157AEA00C23DB3 /* Build configuration list for PBXNativeTarget "GamerCollectionUITests" */ = {
			isa = XCConfigurationList;
			buildConfigurations = (
				FBA5482224157AEA00C23DB3 /* Debug */,
				FBA5482324157AEA00C23DB3 /* Release */,
			);
			defaultConfigurationIsVisible = 0;
			defaultConfigurationName = Release;
		};
/* End XCConfigurationList section */

/* Begin XCRemoteSwiftPackageReference section */
		FB1DFEAD2416B96A000CAD7B /* XCRemoteSwiftPackageReference "Alamofire" */ = {
			isa = XCRemoteSwiftPackageReference;
			repositoryURL = "https://github.com/Alamofire/Alamofire.git";
			requirement = {
				kind = upToNextMajorVersion;
				minimumVersion = 5.0.0;
			};
		};
		FB1DFEB02416B9A0000CAD7B /* XCRemoteSwiftPackageReference "SwifterSwift" */ = {
			isa = XCRemoteSwiftPackageReference;
			repositoryURL = "https://github.com/SwifterSwift/SwifterSwift.git";
			requirement = {
				kind = upToNextMajorVersion;
				minimumVersion = 5.1.0;
			};
		};
		FBB1A376241C4D9400E91579 /* XCRemoteSwiftPackageReference "KeychainAccess" */ = {
			isa = XCRemoteSwiftPackageReference;
			repositoryURL = "https://github.com/kishikawakatsumi/KeychainAccess.git";
			requirement = {
				kind = upToNextMajorVersion;
				minimumVersion = 4.1.0;
			};
		};
/* End XCRemoteSwiftPackageReference section */

/* Begin XCSwiftPackageProductDependency section */
		FB1DFEAE2416B96A000CAD7B /* Alamofire */ = {
			isa = XCSwiftPackageProductDependency;
			package = FB1DFEAD2416B96A000CAD7B /* XCRemoteSwiftPackageReference "Alamofire" */;
			productName = Alamofire;
		};
		FB1DFEB12416B9A0000CAD7B /* SwifterSwift */ = {
			isa = XCSwiftPackageProductDependency;
			package = FB1DFEB02416B9A0000CAD7B /* XCRemoteSwiftPackageReference "SwifterSwift" */;
			productName = SwifterSwift;
		};
		FBB1A377241C4D9400E91579 /* KeychainAccess */ = {
			isa = XCSwiftPackageProductDependency;
			package = FBB1A376241C4D9400E91579 /* XCRemoteSwiftPackageReference "KeychainAccess" */;
			productName = KeychainAccess;
		};
/* End XCSwiftPackageProductDependency section */

/* Begin XCVersionGroup section */
		FBA547FA24157AE900C23DB3 /* GamerCollection.xcdatamodeld */ = {
			isa = XCVersionGroup;
			children = (
				FBA547FB24157AE900C23DB3 /* GamerCollection.xcdatamodel */,
			);
			currentVersion = FBA547FB24157AE900C23DB3 /* GamerCollection.xcdatamodel */;
			path = GamerCollection.xcdatamodeld;
			sourceTree = "<group>";
			versionGroupType = wrapper.xcdatamodel;
		};
/* End XCVersionGroup section */
	};
	rootObject = FBA547E624157AE900C23DB3 /* Project object */;
}
