PODS:
  - ActionSheetPicker-3.0 (2.4.2)
  - DynamicBlurView (4.0.0)
  - PopupDialog (1.1.1):
    - DynamicBlurView (~> 4.0)

DEPENDENCIES:
  - ActionSheetPicker-3.0 (~> 2.4.2)
  - PopupDialog (~> 1.1)

SPEC REPOS:
  trunk:
    - ActionSheetPicker-3.0
    - DynamicBlurView
    - PopupDialog

SPEC CHECKSUMS:
  ActionSheetPicker-3.0: 5b62e07b00bd970509cf5ece99cb7447eae5dd0d
  DynamicBlurView: ccf9acd2b20c883cc2c72e3524a04d8d3ee20533
  PopupDialog: 720c92befd8bc23c13442254945213db5612f149

PODFILE CHECKSUM: 2962a1cd89612f48fcb5c3191e067e21b61f2fbe

COCOAPODS: 1.9.0
